# This file is @generated by PDM.
# It is not intended for manual editing.

[[package]]
name = "altgraph"
version = "0.17.3"
summary = "Python graph (network) package"

[[package]]
name = "click"
version = "8.1.3"
requires_python = ">=3.7"
summary = "Composable command line interface toolkit"
dependencies = [
    "colorama; platform_system == \"Windows\"",
]

[[package]]
name = "colorama"
version = "0.4.6"
requires_python = "!=3.0.*,!=3.1.*,!=3.2.*,!=3.3.*,!=3.4.*,!=3.5.*,!=3.6.*,>=2.7"
summary = "Cross-platform colored terminal text."

[[package]]
name = "future"
version = "0.18.3"
requires_python = ">=2.6, !=3.0.*, !=3.1.*, !=3.2.*"
summary = "Clean single-source support for Python 3 and 2"

[[package]]
name = "macholib"
version = "1.16.2"
summary = "Mach-O header analysis and editing"
dependencies = [
    "altgraph>=0.17",
]

[[package]]
name = "pefile"
version = "2022.5.30"
requires_python = ">=3.6.0"
summary = "Python PE parsing module"
dependencies = [
    "future",
]

[[package]]
name = "pyinstaller"
version = "4.5.1"
requires_python = ">=3.6"
summary = "PyInstaller bundles a Python application and all its dependencies into a single package."
dependencies = [
    "altgraph",
    "macholib>=1.8; sys_platform == \"darwin\"",
    "pefile>=2017.8.1; sys_platform == \"win32\"",
    "pyinstaller-hooks-contrib>=2020.6",
    "pywin32-ctypes>=0.2.0; sys_platform == \"win32\"",
    "setuptools",
]

[[package]]
name = "pyinstaller-hooks-contrib"
version = "2022.15"
requires_python = ">=3.7"
summary = "Community maintained hooks for PyInstaller"

[[package]]
name = "pywin32-ctypes"
version = "0.2.0"
summary = "UNKNOWN"

[[package]]
name = "setuptools"
version = "66.1.1"
requires_python = ">=3.7"
summary = "Easily download, build, install, upgrade, and uninstall Python packages"

[metadata]
lock_version = "4.1"
content_hash = "sha256:14ee5b6bcf95f4436e224d6975f3fe4d6f4e9710c574a6215e8a3f0a40de3c49"

[metadata.files]
"altgraph 0.17.3" = [
    {url = "https://files.pythonhosted.org/packages/5a/13/a7cfa43856a7b8e4894848ec8f71cd9e1ac461e51802391a3e2101c60ed6/altgraph-0.17.3.tar.gz", hash = "sha256:ad33358114df7c9416cdb8fa1eaa5852166c505118717021c6a8c7c7abbd03dd"},
    {url = "https://files.pythonhosted.org/packages/cc/ff/88d277ba936d226b0f6dbd6711145f90fcfeed3aa9455c1c2f62c8ffec5b/altgraph-0.17.3-py2.py3-none-any.whl", hash = "sha256:c8ac1ca6772207179ed8003ce7687757c04b0b71536f81e2ac5755c6226458fe"},
]
"click 8.1.3" = [
    {url = "https://files.pythonhosted.org/packages/59/87/84326af34517fca8c58418d148f2403df25303e02736832403587318e9e8/click-8.1.3.tar.gz", hash = "sha256:7682dc8afb30297001674575ea00d1814d808d6a36af415a82bd481d37ba7b8e"},
    {url = "https://files.pythonhosted.org/packages/c2/f1/df59e28c642d583f7dacffb1e0965d0e00b218e0186d7858ac5233dce840/click-8.1.3-py3-none-any.whl", hash = "sha256:bb4d8133cb15a609f44e8213d9b391b0809795062913b383c62be0ee95b1db48"},
]
"colorama 0.4.6" = [
    {url = "https://files.pythonhosted.org/packages/d1/d6/3965ed04c63042e047cb6a3e6ed1a63a35087b6a609aa3a15ed8ac56c221/colorama-0.4.6-py2.py3-none-any.whl", hash = "sha256:4f1d9991f5acc0ca119f9d443620b77f9d6b33703e51011c16baf57afb285fc6"},
    {url = "https://files.pythonhosted.org/packages/d8/53/6f443c9a4a8358a93a6792e2acffb9d9d5cb0a5cfd8802644b7b1c9a02e4/colorama-0.4.6.tar.gz", hash = "sha256:08695f5cb7ed6e0531a20572697297273c47b8cae5a63ffc6d6ed5c201be6e44"},
]
"future 0.18.3" = [
    {url = "https://files.pythonhosted.org/packages/8f/2e/cf6accf7415237d6faeeebdc7832023c90e0282aa16fd3263db0eb4715ec/future-0.18.3.tar.gz", hash = "sha256:34a17436ed1e96697a86f9de3d15a3b0be01d8bc8de9c1dffd59fb8234ed5307"},
]
"macholib 1.16.2" = [
    {url = "https://files.pythonhosted.org/packages/46/92/bffe4576b383f20995ffb15edccf1c97d2e39f9a8c72136836407f099277/macholib-1.16.2.tar.gz", hash = "sha256:557bbfa1bb255c20e9abafe7ed6cd8046b48d9525db2f9b77d3122a63a2a8bf8"},
    {url = "https://files.pythonhosted.org/packages/5f/8c/8d7c7437f2799f570f9f4cb1fc974f671eff6fecd659f5e4097858a014ef/macholib-1.16.2-py2.py3-none-any.whl", hash = "sha256:44c40f2cd7d6726af8fa6fe22549178d3a4dfecc35a9cd15ea916d9c83a688e0"},
]
"pefile 2022.5.30" = [
    {url = "https://files.pythonhosted.org/packages/48/30/4559d06bad5bb627733dac1ef28c34f5e35f1461247ba63e5f6366901277/pefile-2022.5.30.tar.gz", hash = "sha256:a5488a3dd1fd021ce33f969780b88fe0f7eebb76eb20996d7318f307612a045b"},
]
"pyinstaller 4.5.1" = [
    {url = "https://files.pythonhosted.org/packages/12/a9/91a182d5b2541d8b89396f4371151e412246f8e8d6e65954871548a2a14b/pyinstaller-4.5.1-py3-none-win_amd64.whl", hash = "sha256:aae456205c68355f9597411090576bb31b614e53976b4c102d072bbe5db8392a"},
    {url = "https://files.pythonhosted.org/packages/28/0d/89e847020fe6514dec7d18d1ca78d9b9cbbabfa17f1d38b8122bc9be8d14/pyinstaller-4.5.1-py3-none-manylinux2014_aarch64.whl", hash = "sha256:4d848cd782ee0893d7ad9fe2bfe535206a79f0b6760cecc5f2add831258b9322"},
    {url = "https://files.pythonhosted.org/packages/36/eb/e30b66fd38d80a4d45f2dbfea3f0985002c66aa08b855b61f08bce50891c/pyinstaller-4.5.1-py3-none-manylinux2014_x86_64.whl", hash = "sha256:c587da8f521a7ce1b9efb4e3d0117cd63c92dc6cedff24590aeef89372f53012"},
    {url = "https://files.pythonhosted.org/packages/79/ba/fbd0f192e1d711bf391e44a42875fc3ecffaf4529d7d7d9604fc79027327/pyinstaller-4.5.1-py3-none-win32.whl", hash = "sha256:fed9f5e4802769a416a8f2ca171c6be961d1861cc05a0b71d20dfe05423137e9"},
    {url = "https://files.pythonhosted.org/packages/a9/d9/9fdfb0ac2354d059e466d562689dbe53a23c4062019da2057f0eaed635e0/pyinstaller-4.5.1.tar.gz", hash = "sha256:30733baaf8971902286a0ddf77e5499ac5f7bf8e7c39163e83d4f8c696ef265e"},
    {url = "https://files.pythonhosted.org/packages/ba/d5/331cbbee7aa8f3b62051d8be714e2e8c208536abfe558e61e9c4b09a6ae4/pyinstaller-4.5.1-py3-none-macosx_10_13_universal2.whl", hash = "sha256:ecc2baadeeefd2b6fbf39d13c65d4aa603afdda1c6aaaebc4577ba72893fee9e"},
    {url = "https://files.pythonhosted.org/packages/e8/60/cbfcd60f99c8814bb314910953b4cd56c4bf3a5d8099516066cd839443e8/pyinstaller-4.5.1-py3-none-manylinux2014_i686.whl", hash = "sha256:8f747b190e6ad30e2d2fd5da9a64636f61aac8c038c0b7f685efa92c782ea14f"},
]
"pyinstaller-hooks-contrib 2022.15" = [
    {url = "https://files.pythonhosted.org/packages/70/ca/a8c03acf2f249a3675cac6a322e70fa4ea200f40590cf72cb4cd322bfeb3/pyinstaller-hooks-contrib-2022.15.tar.gz", hash = "sha256:73fd4051dc1620f3ae9643291cd9e2f47bfed582ade2eb05e3247ecab4a4f5f3"},
    {url = "https://files.pythonhosted.org/packages/db/fa/9d1fd2e692ca1cccb785abc2a9853632a03d9f78dfefd41a440c34e59503/pyinstaller_hooks_contrib-2022.15-py2.py3-none-any.whl", hash = "sha256:55c1def8066d0279d06cd67eea30c12ffcdb961a5edeeaf361adac0164baef30"},
]
"pywin32-ctypes 0.2.0" = [
    {url = "https://files.pythonhosted.org/packages/7a/7d/0dbc4c99379452a819b0fb075a0ffbb98611df6b6d59f54db67367af5bc0/pywin32-ctypes-0.2.0.tar.gz", hash = "sha256:24ffc3b341d457d48e8922352130cf2644024a4ff09762a2261fd34c36ee5942"},
    {url = "https://files.pythonhosted.org/packages/9e/4b/3ab2720f1fa4b4bc924ef1932b842edf10007e4547ea8157b0b9fc78599a/pywin32_ctypes-0.2.0-py2.py3-none-any.whl", hash = "sha256:9dc2d991b3479cc2df15930958b674a48a227d5361d413827a4cfd0b5876fc98"},
]
"setuptools 66.1.1" = [
    {url = "https://files.pythonhosted.org/packages/3c/7b/00030a938499c8f8345be02ab5b7d748d359ea59c2f020b7b0a21b82f832/setuptools-66.1.1.tar.gz", hash = "sha256:ac4008d396bc9cd983ea483cb7139c0240a07bbc74ffb6232fceffedc6cf03a8"},
    {url = "https://files.pythonhosted.org/packages/c2/8b/abb577ca6ab2c71814d535b1ed1464c5f4aaefe1a31bbeb85013eb9b2401/setuptools-66.1.1-py3-none-any.whl", hash = "sha256:6f590d76b713d5de4e49fe4fbca24474469f53c83632d5d0fd056f7ff7e8112b"},
]
